
Microsoft Visual Studio Solution File, Format Version 12.00
# Visual Studio Version 17
VisualStudioVersion = 17.8.34330.188
MinimumVisualStudioVersion = 10.0.40219.1
Project("{FAE04EC0-301F-11D3-BF4B-00C04F79EFBC}") = "FXOpenAPI", "FXOpenAPI\FXOpenAPI.csproj", "{2C0A4B2E-8EE6-488E-8F6A-62B81F0B1761}"
EndProject
Project("{FAE04EC0-301F-11D3-BF4B-00C04F79EFBC}") = "FXOpenAPI.Data", "FXOpenAPI.Data\FXOpenAPI.Data.csproj", "{691EAFB5-F89F-4C23-9828-FAC4071FA247}"
EndProject
Project("{FAE04EC0-301F-11D3-BF4B-00C04F79EFBC}") = "FXOpenAPI.Logic", "FXOpenAPI.Logic\FXOpenAPI.Logic.csproj", "{31C3119A-A7BF-44B7-AC22-152C58938EF2}"
EndProject
Global
	GlobalSection(SolutionConfigurationPlatforms) = preSolution
		Debug|Any CPU = Debug|Any CPU
		Release|Any CPU = Release|Any CPU
	EndGlobalSection
	GlobalSection(ProjectConfigurationPlatforms) = postSolution
		{2C0A4B2E-8EE6-488E-8F6A-62B81F0B1761}.Debug|Any CPU.ActiveCfg = Debug|Any CPU
		{2C0A4B2E-8EE6-488E-8F6A-62B81F0B1761}.Debug|Any CPU.Build.0 = Debug|Any CPU
		{2C0A4B2E-8EE6-488E-8F6A-62B81F0B1761}.Release|Any CPU.ActiveCfg = Release|Any CPU
		{2C0A4B2E-8EE6-488E-8F6A-62B81F0B1761}.Release|Any CPU.Build.0 = Release|Any CPU
		{691EAFB5-F89F-4C23-9828-FAC4071FA247}.Debug|Any CPU.ActiveCfg = Debug|Any CPU
		{691EAFB5-F89F-4C23-9828-FAC4071FA247}.Debug|Any CPU.Build.0 = Debug|Any CPU
		{691EAFB5-F89F-4C23-9828-FAC4071FA247}.Release|Any CPU.ActiveCfg = Release|Any CPU
		{691EAFB5-F89F-4C23-9828-FAC4071FA247}.Release|Any CPU.Build.0 = Release|Any CPU
		{31C3119A-A7BF-44B7-AC22-152C58938EF2}.Debug|Any CPU.ActiveCfg = Debug|Any CPU
		{31C3119A-A7BF-44B7-AC22-152C58938EF2}.Debug|Any CPU.Build.0 = Debug|Any CPU
		{31C3119A-A7BF-44B7-AC22-152C58938EF2}.Release|Any CPU.ActiveCfg = Release|Any CPU
		{31C3119A-A7BF-44B7-AC22-152C58938EF2}.Release|Any CPU.Build.0 = Release|Any CPU
	EndGlobalSection
	GlobalSection(SolutionProperties) = preSolution
		HideSolutionNode = FALSE
	EndGlobalSection
	GlobalSection(ExtensibilityGlobals) = postSolution
		SolutionGuid = {7928232C-B67D-4D09-B631-C3F415E56718}
	EndGlobalSection
EndGlobal
